// !$*UTF8*$!
{
	archiveVersion = 1;
	classes = {
	};
	objectVersion = 46;
	objects = {

/* Begin PBXBuildFile section */
		114072381C85121600BC9136 /* AppDelegate.swift in Sources */ = {isa = PBXBuildFile; fileRef = 114072371C85121600BC9136 /* AppDelegate.swift */; };
		1140723A1C85121600BC9136 /* ViewController.swift in Sources */ = {isa = PBXBuildFile; fileRef = 114072391C85121600BC9136 /* ViewController.swift */; };
		1140723D1C85121600BC9136 /* Main.storyboard in Resources */ = {isa = PBXBuildFile; fileRef = 1140723B1C85121600BC9136 /* Main.storyboard */; };
		1140723F1C85121600BC9136 /* Assets.xcassets in Resources */ = {isa = PBXBuildFile; fileRef = 1140723E1C85121600BC9136 /* Assets.xcassets */; };
		114072421C85121600BC9136 /* LaunchScreen.storyboard in Resources */ = {isa = PBXBuildFile; fileRef = 114072401C85121600BC9136 /* LaunchScreen.storyboard */; };
		1140724A1C85144000BC9136 /* LoginViewController.swift in Sources */ = {isa = PBXBuildFile; fileRef = 114072491C85144000BC9136 /* LoginViewController.swift */; };
		6553D6D78F6DC3397D7E34C4 /* Pods_instaounce.framework in Frameworks */ = {isa = PBXBuildFile; fileRef = D7180268C05964B355C52D31 /* Pods_instaounce.framework */; };
/* End PBXBuildFile section */

/* Begin PBXFileReference section */
		114072341C85121600BC9136 /* instaounce.app */ = {isa = PBXFileReference; explicitFileType = wrapper.application; includeInIndex = 0; path = instaounce.app; sourceTree = BUILT_PRODUCTS_DIR; };
		114072371C85121600BC9136 /* AppDelegate.swift */ = {isa = PBXFileReference; lastKnownFileType = sourcecode.swift; path = AppDelegate.swift; sourceTree = "<group>"; };
		114072391C85121600BC9136 /* ViewController.swift */ = {isa = PBXFileReference; lastKnownFileType = sourcecode.swift; path = ViewController.swift; sourceTree = "<group>"; };
		1140723C1C85121600BC9136 /* Base */ = {isa = PBXFileReference; lastKnownFileType = file.storyboard; name = Base; path = Base.lproj/Main.storyboard; sourceTree = "<group>"; };
		1140723E1C85121600BC9136 /* Assets.xcassets */ = {isa = PBXFileReference; lastKnownFileType = folder.assetcatalog; path = Assets.xcassets; sourceTree = "<group>"; };
		114072411C85121600BC9136 /* Base */ = {isa = PBXFileReference; lastKnownFileType = file.storyboard; name = Base; path = Base.lproj/LaunchScreen.storyboard; sourceTree = "<group>"; };
		114072431C85121600BC9136 /* Info.plist */ = {isa = PBXFileReference; lastKnownFileType = text.plist.xml; path = Info.plist; sourceTree = "<group>"; };
		114072491C85144000BC9136 /* LoginViewController.swift */ = {isa = PBXFileReference; fileEncoding = 4; lastKnownFileType = sourcecode.swift; path = LoginViewController.swift; sourceTree = "<group>"; };
		D7180268C05964B355C52D31 /* Pods_instaounce.framework */ = {isa = PBXFileReference; explicitFileType = wrapper.framework; includeInIndex = 0; path = Pods_instaounce.framework; sourceTree = BUILT_PRODUCTS_DIR; };
		E68BC28EE06040B6687C0B7D /* Pods-instaounce.debug.xcconfig */ = {isa = PBXFileReference; includeInIndex = 1; lastKnownFileType = text.xcconfig; name = "Pods-instaounce.debug.xcconfig"; path = "Pods/Target Support Files/Pods-instaounce/Pods-instaounce.debug.xcconfig"; sourceTree = "<group>"; };
		EADCF0D0B3E9C0A3D143B3C2 /* Pods-instaounce.release.xcconfig */ = {isa = PBXFileReference; includeInIndex = 1; lastKnownFileType = text.xcconfig; name = "Pods-instaounce.release.xcconfig"; path = "Pods/Target Support Files/Pods-instaounce/Pods-instaounce.release.xcconfig"; sourceTree = "<group>"; };
/* End PBXFileReference section */

/* Begin PBXFrameworksBuildPhase section */
		114072311C85121600BC9136 /* Frameworks */ = {
			isa = PBXFrameworksBuildPhase;
			buildActionMask = 2147483647;
			files = (
				6553D6D78F6DC3397D7E34C4 /* Pods_instaounce.framework in Frameworks */,
			);
			runOnlyForDeploymentPostprocessing = 0;
		};
/* End PBXFrameworksBuildPhase section */

/* Begin PBXGroup section */
		08531915E25321495BC94E65 /* Pods */ = {
			isa = PBXGroup;
			children = (
				E68BC28EE06040B6687C0B7D /* Pods-instaounce.debug.xcconfig */,
				EADCF0D0B3E9C0A3D143B3C2 /* Pods-instaounce.release.xcconfig */,
			);
			name = Pods;
			sourceTree = "<group>";
		};
		1140722B1C85121600BC9136 = {
			isa = PBXGroup;
			children = (
				114072361C85121600BC9136 /* instaounce */,
				114072351C85121600BC9136 /* Products */,
				08531915E25321495BC94E65 /* Pods */,
				2ADBE7CF2B81EE417478E9B0 /* Frameworks */,
			);
			sourceTree = "<group>";
		};
		114072351C85121600BC9136 /* Products */ = {
			isa = PBXGroup;
			children = (
				114072341C85121600BC9136 /* instaounce.app */,
			);
			name = Products;
			sourceTree = "<group>";
		};
		114072361C85121600BC9136 /* instaounce */ = {
			isa = PBXGroup;
			children = (
				114072371C85121600BC9136 /* AppDelegate.swift */,
				114072391C85121600BC9136 /* ViewController.swift */,
				1140723B1C85121600BC9136 /* Main.storyboard */,
				1140723E1C85121600BC9136 /* Assets.xcassets */,
				114072401C85121600BC9136 /* LaunchScreen.storyboard */,
				114072431C85121600BC9136 /* Info.plist */,
				114072491C85144000BC9136 /* LoginViewController.swift */,
			);
			path = instaounce;
			sourceTree = "<group>";
		};
		2ADBE7CF2B81EE417478E9B0 /* Frameworks */ = {
			isa = PBXGroup;
			children = (
				D7180268C05964B355C52D31 /* Pods_instaounce.framework */,
			);
			name = Frameworks;
			sourceTree = "<group>";
		};
/* End PBXGroup section */

/* Begin PBXNativeTarget section */
		114072331C85121600BC9136 /* instaounce */ = {
			isa = PBXNativeTarget;
			buildConfigurationList = 114072461C85121600BC9136 /* Build configuration list for PBXNativeTarget "instaounce" */;
			buildPhases = (
				5EFD041AAB70AE62F8E66214 /* Check Pods Manifest.lock */,
				114072301C85121600BC9136 /* Sources */,
				114072311C85121600BC9136 /* Frameworks */,
				114072321C85121600BC9136 /* Resources */,
				DEA94FFF837CBEA45765B8BA /* Embed Pods Frameworks */,
				84DB854669BC2FCDBB86973D /* Copy Pods Resources */,
			);
			buildRules = (
			);
			dependencies = (
			);
			name = instaounce;
			productName = instaounce;
			productReference = 114072341C85121600BC9136 /* instaounce.app */;
			productType = "com.apple.product-type.application";
		};
/* End PBXNativeTarget section */

/* Begin PBXProject section */
		1140722C1C85121600BC9136 /* Project object */ = {
			isa = PBXProject;
			attributes = {
				LastSwiftUpdateCheck = 0720;
				LastUpgradeCheck = 0720;
				ORGANIZATIONNAME = wangco;
				TargetAttributes = {
					114072331C85121600BC9136 = {
						CreatedOnToolsVersion = 7.2;
					};
				};
			};
			buildConfigurationList = 1140722F1C85121600BC9136 /* Build configuration list for PBXProject "instaounce" */;
			compatibilityVersion = "Xcode 3.2";
			developmentRegion = English;
			hasScannedForEncodings = 0;
			knownRegions = (
				en,
				Base,
			);
			mainGroup = 1140722B1C85121600BC9136;
			productRefGroup = 114072351C85121600BC9136 /* Products */;
			projectDirPath = "";
			projectRoot = "";
			targets = (
				114072331C85121600BC9136 /* instaounce */,
			);
		};
/* End PBXProject section */

/* Begin PBXResourcesBuildPhase section */
		114072321C85121600BC9136 /* Resources */ = {
			isa = PBXResourcesBuildPhase;
			buildActionMask = 2147483647;
			files = (
				114072421C85121600BC9136 /* LaunchScreen.storyboard in Resources */,
				1140723F1C85121600BC9136 /* Assets.xcassets in Resources */,
				1140723D1C85121600BC9136 /* Main.storyboard in Resources */,
			);
			runOnlyForDeploymentPostprocessing = 0;
		};
/* End PBXResourcesBuildPhase section */

/* Begin PBXShellScriptBuildPhase section */
		5EFD041AAB70AE62F8E66214 /* Check Pods Manifest.lock */ = {
			isa = PBXShellScriptBuildPhase;
			buildActionMask = 2147483647;
			files = (
			);
			inputPaths = (
			);
			name = "Check Pods Manifest.lock";
			outputPaths = (
			);
			runOnlyForDeploymentPostprocessing = 0;
			shellPath = /bin/sh;
			shellScript = "diff \"${PODS_ROOT}/../Podfile.lock\" \"${PODS_ROOT}/Manifest.lock\" > /dev/null\nif [[ $? != 0 ]] ; then\n    cat << EOM\nerror: The sandbox is not in sync with the Podfile.lock. Run 'pod install' or update your CocoaPods installation.\nEOM\n    exit 1\nfi\n";
			showEnvVarsInLog = 0;
		};
		84DB854669BC2FCDBB86973D /* Copy Pods Resources */ = {
			isa = PBXShellScriptBuildPhase;
			buildActionMask = 2147483647;
			files = (
			);
			inputPaths = (
			);
			name = "Copy Pods Resources";
			outputPaths = (
			);
			runOnlyForDeploymentPostprocessing = 0;
			shellPath = /bin/sh;
			shellScript = "\"${SRCROOT}/Pods/Target Support Files/Pods-instaounce/Pods-instaounce-resources.sh\"\n";
			showEnvVarsInLog = 0;
		};
		DEA94FFF837CBEA45765B8BA /* Embed Pods Frameworks */ = {
			isa = PBXShellScriptBuildPhase;
			buildActionMask = 2147483647;
			files = (
			);
			inputPaths = (
			);
			name = "Embed Pods Frameworks";
			outputPaths = (
			);
			runOnlyForDeploymentPostprocessing = 0;
			shellPath = /bin/sh;
			shellScript = "\"${SRCROOT}/Pods/Target Support Files/Pods-instaounce/Pods-instaounce-frameworks.sh\"\n";
			showEnvVarsInLog = 0;
		};
/* End PBXShellScriptBuildPhase section */

/* Begin PBXSourcesBuildPhase section */
		114072301C85121600BC9136 /* Sources */ = {
			isa = PBXSourcesBuildPhase;
			buildActionMask = 2147483647;
			files = (
				1140724A1C85144000BC9136 /* LoginViewController.swift in Sources */,
				1140723A1C85121600BC9136 /* ViewController.swift in Sources */,
				114072381C85121600BC9136 /* AppDelegate.swift in Sources */,
			);
			runOnlyForDeploymentPostprocessing = 0;
		};
/* End PBXSourcesBuildPhase section */

/* Begin PBXVariantGroup section */
		1140723B1C85121600BC9136 /* Main.storyboard */ = {
			isa = PBXVariantGroup;
			children = (
				1140723C1C85121600BC9136 /* Base */,
			);
			name = Main.storyboard;
			sourceTree = "<group>";
		};
		114072401C85121600BC9136 /* LaunchScreen.storyboard */ = {
			isa = PBXVariantGroup;
			children = (
				114072411C85121600BC9136 /* Base */,
			);
			name = LaunchScreen.storyboard;
			sourceTree = "<group>";
		};
/* End PBXVariantGroup section */

/* Begin XCBuildConfiguration section */
		114072441C85121600BC9136 /* Debug */ = {
			isa = XCBuildConfiguration;
			buildSettings = {
				ALWAYS_SEARCH_USER_PATHS = NO;
				CLANG_CXX_LANGUAGE_STANDARD = "gnu++0x";
				CLANG_CXX_LIBRARY = "libc++";
				CLANG_ENABLE_MODULES = YES;
				CLANG_ENABLE_OBJC_ARC = YES;
				CLANG_WARN_BOOL_CONVERSION = YES;
				CLANG_WARN_CONSTANT_CONVERSION = YES;
				CLANG_WARN_DIRECT_OBJC_ISA_USAGE = YES_ERROR;
				CLANG_WARN_EMPTY_BODY = YES;
				CLANG_WARN_ENUM_CONVERSION = YES;
				CLANG_WARN_INT_CONVERSION = YES;
				CLANG_WARN_OBJC_ROOT_CLASS = YES_ERROR;
				CLANG_WARN_UNREACHABLE_CODE = YES;
				CLANG_WARN__DUPLICATE_METHOD_MATCH = YES;
				"CODE_SIGN_IDENTITY[sdk=iphoneos*]" = "iPhone Developer";
				COPY_PHASE_STRIP = NO;
				DEBUG_INFORMATION_FORMAT = dwarf;
				ENABLE_STRICT_OBJC_MSGSEND = YES;
				ENABLE_TESTABILITY = YES;
				GCC_C_LANGUAGE_STANDARD = gnu99;
				GCC_DYNAMIC_NO_PIC = NO;
				GCC_NO_COMMON_BLOCKS = YES;
				GCC_OPTIMIZATION_LEVEL = 0;
				GCC_PREPROCESSOR_DEFINITIONS = (
					"DEBUG=1",
					"$(inherited)",
				);
				GCC_WARN_64_TO_32_BIT_CONVERSION = YES;
				GCC_WARN_ABOUT_RETURN_TYPE = YES_ERROR;
				GCC_WARN_UNDECLARED_SELECTOR = YES;
				GCC_WARN_UNINITIALIZED_AUTOS = YES_AGGRESSIVE;
				GCC_WARN_UNUSED_FUNCTION = YES;
				GCC_WARN_UNUSED_VARIABLE = YES;
				IPHONEOS_DEPLOYMENT_TARGET = 9.2;
				MTL_ENABLE_DEBUG_INFO = YES;
				ONLY_ACTIVE_ARCH = YES;
				SDKROOT = iphoneos;
				SWIFT_OPTIMIZATION_LEVEL = "-Onone";
			};
			name = Debug;
		};
		114072451C85121600BC9136 /* Release */ = {
			isa = XCBuildConfiguration;
			buildSettings = {
				ALWAYS_SEARCH_USER_PATHS = NO;
				CLANG_CXX_LANGUAGE_STANDARD = "gnu++0x";
				CLANG_CXX_LIBRARY = "libc++";
				CLANG_ENABLE_MODULES = YES;
				CLANG_ENABLE_OBJC_ARC = YES;
				CLANG_WARN_BOOL_CONVERSION = YES;
				CLANG_WARN_CONSTANT_CONVERSION = YES;
				CLANG_WARN_DIRECT_OBJC_ISA_USAGE = YES_ERROR;
				CLANG_WARN_EMPTY_BODY = YES;
				CLANG_WARN_ENUM_CONVERSION = YES;
				CLANG_WARN_INT_CONVERSION = YES;
				CLANG_WARN_OBJC_ROOT_CLASS = YES_ERROR;
				CLANG_WARN_UNREACHABLE_CODE = YES;
				CLANG_WARN__DUPLICATE_METHOD_MATCH = YES;
				"CODE_SIGN_IDENTITY[sdk=iphoneos*]" = "iPhone Developer";
				COPY_PHASE_STRIP = NO;
				DEBUG_INFORMATION_FORMAT = "dwarf-with-dsym";
				ENABLE_NS_ASSERTIONS = NO;
				ENABLE_STRICT_OBJC_MSGSEND = YES;
				GCC_C_LANGUAGE_STANDARD = gnu99;
				GCC_NO_COMMON_BLOCKS = YES;
				GCC_WARN_64_TO_32_BIT_CONVERSION = YES;
				GCC_WARN_ABOUT_RETURN_TYPE = YES_ERROR;
				GCC_WARN_UNDECLARED_SELECTOR = YES;
				GCC_WARN_UNINITIALIZED_AUTOS = YES_AGGRESSIVE;
				GCC_WARN_UNUSED_FUNCTION = YES;
				GCC_WARN_UNUSED_VARIABLE = YES;
				IPHONEOS_DEPLOYMENT_TARGET = 9.2;
				MTL_ENABLE_DEBUG_INFO = NO;
				SDKROOT = iphoneos;
				VALIDATE_PRODUCT = YES;
			};
			name = Release;
		};
		114072471C85121600BC9136 /* Debug */ = {
			isa = XCBuildConfiguration;
			baseConfigurationReference = E68BC28EE06040B6687C0B7D /* Pods-instaounce.debug.xcconfig */;
			buildSettings = {
				ASSETCATALOG_COMPILER_APPICON_NAME = AppIcon;
				INFOPLIST_FILE = instaounce/Info.plist;
				LD_RUNPATH_SEARCH_PATHS = "$(inherited) @executable_path/Frameworks";
				PRODUCT_BUNDLE_IDENTIFIER = com.wangco.instaounce;
				PRODUCT_NAME = "$(TARGET_NAME)";
			};
			name = Debug;
		};
		114072481C85121600BC9136 /* Release */ = {
			isa = XCBuildConfiguration;
			baseConfigurationReference = EADCF0D0B3E9C0A3D143B3C2 /* Pods-instaounce.release.xcconfig */;
			buildSettings = {
				ASSETCATALOG_COMPILER_APPICON_NAME = AppIcon;
				INFOPLIST_FILE = instaounce/Info.plist;
				LD_RUNPATH_SEARCH_PATHS = "$(inherited) @executable_path/Frameworks";
				PRODUCT_BUNDLE_IDENTIFIER = com.wangco.instaounce;
				PRODUCT_NAME = "$(TARGET_NAME)";
			};
			name = Release;
		};
/* End XCBuildConfiguration section */

/* Begin XCConfigurationList section */
		1140722F1C85121600BC9136 /* Build configuration list for PBXProject "instaounce" */ = {
			isa = XCConfigurationList;
			buildConfigurations = (
				114072441C85121600BC9136 /* Debug */,
				114072451C85121600BC9136 /* Release */,
			);
			defaultConfigurationIsVisible = 0;
			defaultConfigurationName = Release;
		};
		114072461C85121600BC9136 /* Build configuration list for PBXNativeTarget "instaounce" */ = {
			isa = XCConfigurationList;
			buildConfigurations = (
				114072471C85121600BC9136 /* Debug */,
				114072481C85121600BC9136 /* Release */,
			);
			defaultConfigurationIsVisible = 0;
			defaultConfigurationName = Release;
		};
/* End XCConfigurationList section */
	};
	rootObject = 1140722C1C85121600BC9136 /* Project object */;
}
